Microsoft Visual Studio Solution File, Format Version 12.00
# Visual Studio Version 17
VisualStudioVersion = 17.5.2.0
MinimumVisualStudioVersion = 10.0.40219.1
Project("{FAE04EC0-301F-11D3-BF4B-00C04F79EFBC}") = "OverqualificationDetector", "OverqualificationDetector.csproj", "{B37C412B-993B-F90D-8B96-AC75924E4146}"
EndProject
Global
	GlobalSection(SolutionConfigurationPlatforms) = preSolution
		Debug|Any CPU = Debug|Any CPU
		Release|Any CPU = Release|Any CPU
	EndGlobalSection
	GlobalSection(ProjectConfigurationPlatforms) = postSolution
		{B37C412B-993B-F90D-8B96-AC75924E4146}.Debug|Any CPU.ActiveCfg = Debug|Any CPU
		{B37C412B-993B-F90D-8B96-AC75924E4146}.Debug|Any CPU.Build.0 = Debug|Any CPU
		{B37C412B-993B-F90D-8B96-AC75924E4146}.Release|Any CPU.ActiveCfg = Release|Any CPU
		{B37C412B-993B-F90D-8B96-AC75924E4146}.Release|Any CPU.Build.0 = Release|Any CPU
	EndGlobalSection
	GlobalSection(SolutionProperties) = preSolution
		HideSolutionNode = FALSE
	EndGlobalSection
	GlobalSection(ExtensibilityGlobals) = postSolution
		SolutionGuid = {2B311916-CE83-4E23-90A1-9D8EE0E1AF48}
	EndGlobalSection
EndGlobal
